<?xml version="1.0" encoding="utf-8"?>
<Project ToolsVersion="4.0" xmlns="http://schemas.microsoft.com/developer/msbuild/2003">
  <ItemGroup>
    <Filter Include="Исходные файлы">
      <UniqueIdentifier>{4FC737F1-C7A5-4376-A066-2A32D752A2FF}</UniqueIdentifier>
      <Extensions>cpp;c;cc;cxx;c++;cppm;ixx;def;odl;idl;hpj;bat;asm;asmx</Extensions>
    </Filter>
    <Filter Include="Файлы заголовков">
      <UniqueIdentifier>{93995380-89BD-4b04-88EB-625FBE52EBFB}</UniqueIdentifier>
      <Extensions>h;hh;hpp;hxx;h++;hm;inl;inc;ipp;xsd</Extensions>
    </Filter>
    <Filter Include="Файлы ресурсов">
      <UniqueIdentifier>{67DA6AB6-F800-4c08-8B7A-83BB121AAD01}</UniqueIdentifier>
      <Extensions>rc;ico;cur;bmp;dlg;rc2;rct;bin;rgs;gif;jpg;jpeg;jpe;resx;tiff;tif;png;wav;mfcribbon-ms</Extensions>
    </Filter>
  </ItemGroup>
  <ItemGroup>
    <ClCompile Include="Main.cpp">
      <Filter>Исходные файлы</Filter>
    </ClCompile>
    <ClCompile Include="KWnd.cpp">
      <Filter>Исходные файлы</Filter>
    </ClCompile>
    <ClCompile Include="AppController.cpp">
      <Filter>Исходные файлы</Filter>
    </ClCompile>
    <ClCompile Include="AppModel.cpp">
      <Filter>Исходные файлы</Filter>
    </ClCompile>
    <ClCompile Include="AppView.cpp">
      <Filter>Исходные файлы</Filter>
    </ClCompile>
    <ClCompile Include="Enumerator.cpp">
      <Filter>Исходные файлы</Filter>
    </ClCompile>
  </ItemGroup>
  <ItemGroup>
    <ClInclude Include="KWnd.h">
      <Filter>Файлы заголовков</Filter>
    </ClInclude>
    <ClInclude Include="resource.h">
      <Filter>Файлы заголовков</Filter>
    </ClInclude>
    <ClInclude Include="AppModel.h">
      <Filter>Файлы заголовков</Filter>
    </ClInclude>
    <ClInclude Include="AppView.h">
      <Filter>Файлы заголовков</Filter>
    </ClInclude>
    <ClInclude Include="AppController.h">
      <Filter>Файлы заголовков</Filter>
    </ClInclude>
    <ClInclude Include="Enumerator.h">
      <Filter>Файлы заголовков</Filter>
    </ClInclude>
  </ItemGroup>
  <ItemGroup>
    <ResourceCompile Include="DeviceManager.rc">
      <Filter>Файлы ресурсов</Filter>
    </ResourceCompile>
  </ItemGroup>
  <ItemGroup>
    <Image Include="icons_service\application_title.ico">
      <Filter>Файлы ресурсов</Filter>
    </Image>
    <Image Include="icons_service\item_closed.ico">
      <Filter>Файлы ресурсов</Filter>
    </Image>
    <Image Include="icons_service\item_closed_light.ico">
      <Filter>Файлы ресурсов</Filter>
    </Image>
    <Image Include="icons_service\item_opened.ico">
      <Filter>Файлы ресурсов</Filter>
    </Image>
    <Image Include="icons_service\item_opened_light.ico">
      <Filter>Файлы ресурсов</Filter>
    </Image>
    <Image Include="icons_system\acpi.ico">
      <Filter>Файлы ресурсов</Filter>
    </Image>
    <Image Include="icons_system\acpi_hal.ico">
      <Filter>Файлы ресурсов</Filter>
    </Image>
    <Image Include="icons_system\bluetooth.ico">
      <Filter>Файлы ресурсов</Filter>
    </Image>
    <Image Include="icons_system\high_definition_audio.ico">
      <Filter>Файлы ресурсов</Filter>
    </Image>
    <Image Include="icons_system\human_interface_devices.ico">
      <Filter>Файлы ресурсов</Filter>
    </Image>
    <Image Include="icons_system\ide.ico">
      <Filter>Файлы ресурсов</Filter>
    </Image>
    <Image Include="icons_system\mass_storage.ico">
      <Filter>Файлы ресурсов</Filter>
    </Image>
    <Image Include="icons_system\other_devices.ico">
      <Filter>Файлы ресурсов</Filter>
    </Image>
    <Image Include="icons_system\pci.ico">
      <Filter>Файлы ресурсов</Filter>
    </Image>
    <Image Include="icons_system\pci_ide.ico">
      <Filter>Файлы ресурсов</Filter>
    </Image>
    <Image Include="icons_system\root_enumerator.ico">
      <Filter>Файлы ресурсов</Filter>
    </Image>
    <Image Include="icons_system\scsi.ico">
      <Filter>Файлы ресурсов</Filter>
    </Image>
    <Image Include="icons_system\software_defined_devices.ico">
      <Filter>Файлы ресурсов</Filter>
    </Image>
    <Image Include="icons_system\system_tree.ico">
      <Filter>Файлы ресурсов</Filter>
    </Image>
    <Image Include="icons_system\this_computer.ico">
      <Filter>Файлы ресурсов</Filter>
    </Image>
    <Image Include="icons_system\uefi.ico">
      <Filter>Файлы ресурсов</Filter>
    </Image>
    <Image Include="icons_system\usb.ico">
      <Filter>Файлы ресурсов</Filter>
    </Image>
    <Image Include="icons_system\usb_mass_storage.ico">
      <Filter>Файлы ресурсов</Filter>
    </Image>
    <Image Include="icons_system\user_mode_bus.ico">
      <Filter>Файлы ресурсов</Filter>
    </Image>
    <Image Include="icons_system\video_displays.ico">
      <Filter>Файлы ресурсов</Filter>
    </Image>
    <Image Include="icons_add\audio_in_out.ico">
      <Filter>Файлы ресурсов</Filter>
    </Image>
    <Image Include="icons_add\image_processing_devices.ico">
      <Filter>Файлы ресурсов</Filter>
    </Image>
    <Image Include="icons_add\keyboards.ico">
      <Filter>Файлы ресурсов</Filter>
    </Image>
    <Image Include="icons_add\lpt_and_com_ports.ico">
      <Filter>Файлы ресурсов</Filter>
    </Image>
    <Image Include="icons_add\mobile_devices.ico">
      <Filter>Файлы ресурсов</Filter>
    </Image>
    <Image Include="icons_add\mouses.ico">
      <Filter>Файлы ресурсов</Filter>
    </Image>
    <Image Include="icons_add\network_adapters.ico">
      <Filter>Файлы ресурсов</Filter>
    </Image>
    <Image Include="icons_add\print_queues.ico">
      <Filter>Файлы ресурсов</Filter>
    </Image>
    <Image Include="icons_add\processors.ico">
      <Filter>Файлы ресурсов</Filter>
    </Image>
    <Image Include="icons_add\security_devices.ico">
      <Filter>Файлы ресурсов</Filter>
    </Image>
    <Image Include="icons_add\software_components.ico">
      <Filter>Файлы ресурсов</Filter>
    </Image>
    <Image Include="icons_add\video_adapters.ico">
      <Filter>Файлы ресурсов</Filter>
    </Image>
  </ItemGroup>
</Project>